
Microsoft Visual Studio Solution File, Format Version 12.00
# Visual Studio Version 17
VisualStudioVersion = 17.0.31903.59
MinimumVisualStudioVersion = 10.0.40219.1
Project("{2150E333-8FDC-42A3-9474-1A3956D46DE8}") = "src", "src", "{063554E4-F927-4F58-9315-51DB63639B73}"
EndProject
Project("{2150E333-8FDC-42A3-9474-1A3956D46DE8}") = "Service", "Service", "{56418C04-3E9A-4BA9-A399-0E53640AD402}"
EndProject
Project("{9A19103F-16F7-4668-BE54-9A1E7A4F7556}") = "API", "src\Service\API\API.csproj", "{49F1458A-2CD4-4A51-9DFD-12060A7D61D5}"
EndProject
Project("{2150E333-8FDC-42A3-9474-1A3956D46DE8}") = "UI", "UI", "{E2CFC60C-A12A-4098-A380-FAEEC75A6080}"
EndProject
Project("{FAE04EC0-301F-11D3-BF4B-00C04F79EFBC}") = "Web", "src\UI\Web\Web.csproj", "{A043045C-F21D-4984-A600-6CAB031A714D}"
EndProject
Global
	GlobalSection(SolutionConfigurationPlatforms) = preSolution
		Debug|Any CPU = Debug|Any CPU
		Release|Any CPU = Release|Any CPU
	EndGlobalSection
	GlobalSection(ProjectConfigurationPlatforms) = postSolution
		{49F1458A-2CD4-4A51-9DFD-12060A7D61D5}.Debug|Any CPU.ActiveCfg = Debug|Any CPU
		{49F1458A-2CD4-4A51-9DFD-12060A7D61D5}.Debug|Any CPU.Build.0 = Debug|Any CPU
		{49F1458A-2CD4-4A51-9DFD-12060A7D61D5}.Release|Any CPU.ActiveCfg = Release|Any CPU
		{49F1458A-2CD4-4A51-9DFD-12060A7D61D5}.Release|Any CPU.Build.0 = Release|Any CPU
		{A043045C-F21D-4984-A600-6CAB031A714D}.Debug|Any CPU.ActiveCfg = Debug|Any CPU
		{A043045C-F21D-4984-A600-6CAB031A714D}.Debug|Any CPU.Build.0 = Debug|Any CPU
		{A043045C-F21D-4984-A600-6CAB031A714D}.Release|Any CPU.ActiveCfg = Release|Any CPU
		{A043045C-F21D-4984-A600-6CAB031A714D}.Release|Any CPU.Build.0 = Release|Any CPU
	EndGlobalSection
	GlobalSection(SolutionProperties) = preSolution
		HideSolutionNode = FALSE
	EndGlobalSection
	GlobalSection(NestedProjects) = preSolution
		{56418C04-3E9A-4BA9-A399-0E53640AD402} = {063554E4-F927-4F58-9315-51DB63639B73}
		{49F1458A-2CD4-4A51-9DFD-12060A7D61D5} = {56418C04-3E9A-4BA9-A399-0E53640AD402}
		{E2CFC60C-A12A-4098-A380-FAEEC75A6080} = {063554E4-F927-4F58-9315-51DB63639B73}
		{A043045C-F21D-4984-A600-6CAB031A714D} = {E2CFC60C-A12A-4098-A380-FAEEC75A6080}
	EndGlobalSection
	GlobalSection(ExtensibilityGlobals) = postSolution
		SolutionGuid = {5CFCCA29-6048-47F8-87D1-01BD6AFD7A70}
	EndGlobalSection
EndGlobal
